// !$*UTF8*$!
{
	archiveVersion = 1;
	classes = {
	};
	objectVersion = 46;
	objects = {

/* Begin PBXBuildFile section */
		CDDF67EE1F69A42D00CFC070 /* AppDelegate.swift in Sources */ = {isa = PBXBuildFile; fileRef = CDDF67ED1F69A42D00CFC070 /* AppDelegate.swift */; };
		CDDF67F01F69A42D00CFC070 /* ViewController.swift in Sources */ = {isa = PBXBuildFile; fileRef = CDDF67EF1F69A42D00CFC070 /* ViewController.swift */; };
		CDDF67F31F69A42D00CFC070 /* Main.storyboard in Resources */ = {isa = PBXBuildFile; fileRef = CDDF67F11F69A42D00CFC070 /* Main.storyboard */; };
		CDDF67F51F69A42D00CFC070 /* Assets.xcassets in Resources */ = {isa = PBXBuildFile; fileRef = CDDF67F41F69A42D00CFC070 /* Assets.xcassets */; };
		CDDF67F81F69A42D00CFC070 /* LaunchScreen.storyboard in Resources */ = {isa = PBXBuildFile; fileRef = CDDF67F61F69A42D00CFC070 /* LaunchScreen.storyboard */; };
		CDDF68031F69A42D00CFC070 /* ContactsTests.swift in Sources */ = {isa = PBXBuildFile; fileRef = CDDF68021F69A42D00CFC070 /* ContactsTests.swift */; };
		CDDF680E1F69A59100CFC070 /* viewTwo.swift in Sources */ = {isa = PBXBuildFile; fileRef = CDDF680D1F69A59100CFC070 /* viewTwo.swift */; };
		CDDF68101F69DB7700CFC070 /* ViewThree.swift in Sources */ = {isa = PBXBuildFile; fileRef = CDDF680F1F69DB7700CFC070 /* ViewThree.swift */; };
/* End PBXBuildFile section */

/* Begin PBXContainerItemProxy section */
		CDDF67FF1F69A42D00CFC070 /* PBXContainerItemProxy */ = {
			isa = PBXContainerItemProxy;
			containerPortal = CDDF67E21F69A42D00CFC070 /* Project object */;
			proxyType = 1;
			remoteGlobalIDString = CDDF67E91F69A42D00CFC070;
			remoteInfo = Contacts;
		};
/* End PBXContainerItemProxy section */

/* Begin PBXFileReference section */
		CDDF67EA1F69A42D00CFC070 /* Contacts.app */ = {isa = PBXFileReference; explicitFileType = wrapper.application; includeInIndex = 0; path = Contacts.app; sourceTree = BUILT_PRODUCTS_DIR; };
		CDDF67ED1F69A42D00CFC070 /* AppDelegate.swift */ = {isa = PBXFileReference; lastKnownFileType = sourcecode.swift; path = AppDelegate.swift; sourceTree = "<group>"; };
		CDDF67EF1F69A42D00CFC070 /* ViewController.swift */ = {isa = PBXFileReference; lastKnownFileType = sourcecode.swift; path = ViewController.swift; sourceTree = "<group>"; };
		CDDF67F21F69A42D00CFC070 /* Base */ = {isa = PBXFileReference; lastKnownFileType = file.storyboard; name = Base; path = Base.lproj/Main.storyboard; sourceTree = "<group>"; };
		CDDF67F41F69A42D00CFC070 /* Assets.xcassets */ = {isa = PBXFileReference; lastKnownFileType = folder.assetcatalog; path = Assets.xcassets; sourceTree = "<group>"; };
		CDDF67F71F69A42D00CFC070 /* Base */ = {isa = PBXFileReference; lastKnownFileType = file.storyboard; name = Base; path = Base.lproj/LaunchScreen.storyboard; sourceTree = "<group>"; };
		CDDF67F91F69A42D00CFC070 /* Info.plist */ = {isa = PBXFileReference; lastKnownFileType = text.plist.xml; path = Info.plist; sourceTree = "<group>"; };
		CDDF67FE1F69A42D00CFC070 /* ContactsTests.xctest */ = {isa = PBXFileReference; explicitFileType = wrapper.cfbundle; includeInIndex = 0; path = ContactsTests.xctest; sourceTree = BUILT_PRODUCTS_DIR; };
		CDDF68021F69A42D00CFC070 /* ContactsTests.swift */ = {isa = PBXFileReference; lastKnownFileType = sourcecode.swift; path = ContactsTests.swift; sourceTree = "<group>"; };
		CDDF68041F69A42D00CFC070 /* Info.plist */ = {isa = PBXFileReference; lastKnownFileType = text.plist.xml; path = Info.plist; sourceTree = "<group>"; };
		CDDF680D1F69A59100CFC070 /* viewTwo.swift */ = {isa = PBXFileReference; fileEncoding = 4; lastKnownFileType = sourcecode.swift; path = viewTwo.swift; sourceTree = "<group>"; };
		CDDF680F1F69DB7700CFC070 /* ViewThree.swift */ = {isa = PBXFileReference; fileEncoding = 4; lastKnownFileType = sourcecode.swift; path = ViewThree.swift; sourceTree = "<group>"; };
/* End PBXFileReference section */

/* Begin PBXFrameworksBuildPhase section */
		CDDF67E71F69A42D00CFC070 /* Frameworks */ = {
			isa = PBXFrameworksBuildPhase;
			buildActionMask = 2147483647;
			files = (
			);
			runOnlyForDeploymentPostprocessing = 0;
		};
		CDDF67FB1F69A42D00CFC070 /* Frameworks */ = {
			isa = PBXFrameworksBuildPhase;
			buildActionMask = 2147483647;
			files = (
			);
			runOnlyForDeploymentPostprocessing = 0;
		};
/* End PBXFrameworksBuildPhase section */

/* Begin PBXGroup section */
		CDDF67E11F69A42D00CFC070 = {
			isa = PBXGroup;
			children = (
				CDDF67EC1F69A42D00CFC070 /* Contacts */,
				CDDF68011F69A42D00CFC070 /* ContactsTests */,
				CDDF67EB1F69A42D00CFC070 /* Products */,
			);
			sourceTree = "<group>";
		};
		CDDF67EB1F69A42D00CFC070 /* Products */ = {
			isa = PBXGroup;
			children = (
				CDDF67EA1F69A42D00CFC070 /* Contacts.app */,
				CDDF67FE1F69A42D00CFC070 /* ContactsTests.xctest */,
			);
			name = Products;
			sourceTree = "<group>";
		};
		CDDF67EC1F69A42D00CFC070 /* Contacts */ = {
			isa = PBXGroup;
			children = (
				CDDF67ED1F69A42D00CFC070 /* AppDelegate.swift */,
				CDDF67EF1F69A42D00CFC070 /* ViewController.swift */,
				CDDF680D1F69A59100CFC070 /* viewTwo.swift */,
				CDDF680F1F69DB7700CFC070 /* ViewThree.swift */,
				CDDF67F11F69A42D00CFC070 /* Main.storyboard */,
				CDDF67F41F69A42D00CFC070 /* Assets.xcassets */,
				CDDF67F61F69A42D00CFC070 /* LaunchScreen.storyboard */,
				CDDF67F91F69A42D00CFC070 /* Info.plist */,
			);
			path = Contacts;
			sourceTree = "<group>";
		};
		CDDF68011F69A42D00CFC070 /* ContactsTests */ = {
			isa = PBXGroup;
			children = (
				CDDF68021F69A42D00CFC070 /* ContactsTests.swift */,
				CDDF68041F69A42D00CFC070 /* Info.plist */,
			);
			path = ContactsTests;
			sourceTree = "<group>";
		};
/* End PBXGroup section */

/* Begin PBXNativeTarget section */
		CDDF67E91F69A42D00CFC070 /* Contacts */ = {
			isa = PBXNativeTarget;
			buildConfigurationList = CDDF68071F69A42D00CFC070 /* Build configuration list for PBXNativeTarget "Contacts" */;
			buildPhases = (
				CDDF67E61F69A42D00CFC070 /* Sources */,
				CDDF67E71F69A42D00CFC070 /* Frameworks */,
				CDDF67E81F69A42D00CFC070 /* Resources */,
			);
			buildRules = (
			);
			dependencies = (
			);
			name = Contacts;
			productName = Contacts;
			productReference = CDDF67EA1F69A42D00CFC070 /* Contacts.app */;
			productType = "com.apple.product-type.application";
		};
		CDDF67FD1F69A42D00CFC070 /* ContactsTests */ = {
			isa = PBXNativeTarget;
			buildConfigurationList = CDDF680A1F69A42D00CFC070 /* Build configuration list for PBXNativeTarget "ContactsTests" */;
			buildPhases = (
				CDDF67FA1F69A42D00CFC070 /* Sources */,
				CDDF67FB1F69A42D00CFC070 /* Frameworks */,
				CDDF67FC1F69A42D00CFC070 /* Resources */,
			);
			buildRules = (
			);
			dependencies = (
				CDDF68001F69A42D00CFC070 /* PBXTargetDependency */,
			);
			name = ContactsTests;
			productName = ContactsTests;
			productReference = CDDF67FE1F69A42D00CFC070 /* ContactsTests.xctest */;
			productType = "com.apple.product-type.bundle.unit-test";
		};
/* End PBXNativeTarget section */

/* Begin PBXProject section */
		CDDF67E21F69A42D00CFC070 /* Project object */ = {
			isa = PBXProject;
			attributes = {
				LastSwiftUpdateCheck = 0830;
				LastUpgradeCheck = 0830;
				ORGANIZATIONNAME = Learn;
				TargetAttributes = {
					CDDF67E91F69A42D00CFC070 = {
						CreatedOnToolsVersion = 8.3.3;
						ProvisioningStyle = Automatic;
					};
					CDDF67FD1F69A42D00CFC070 = {
						CreatedOnToolsVersion = 8.3.3;
						ProvisioningStyle = Automatic;
						TestTargetID = CDDF67E91F69A42D00CFC070;
					};
				};
			};
			buildConfigurationList = CDDF67E51F69A42D00CFC070 /* Build configuration list for PBXProject "Contacts" */;
			compatibilityVersion = "Xcode 3.2";
			developmentRegion = English;
			hasScannedForEncodings = 0;
			knownRegions = (
				en,
				Base,
			);
			mainGroup = CDDF67E11F69A42D00CFC070;
			productRefGroup = CDDF67EB1F69A42D00CFC070 /* Products */;
			projectDirPath = "";
			projectRoot = "";
			targets = (
				CDDF67E91F69A42D00CFC070 /* Contacts */,
				CDDF67FD1F69A42D00CFC070 /* ContactsTests */,
			);
		};
/* End PBXProject section */

/* Begin PBXResourcesBuildPhase section */
		CDDF67E81F69A42D00CFC070 /* Resources */ = {
			isa = PBXResourcesBuildPhase;
			buildActionMask = 2147483647;
			files = (
				CDDF67F81F69A42D00CFC070 /* LaunchScreen.storyboard in Resources */,
				CDDF67F51F69A42D00CFC070 /* Assets.xcassets in Resources */,
				CDDF67F31F69A42D00CFC070 /* Main.storyboard in Resources */,
			);
			runOnlyForDeploymentPostprocessing = 0;
		};
		CDDF67FC1F69A42D00CFC070 /* Resources */ = {
			isa = PBXResourcesBuildPhase;
			buildActionMask = 2147483647;
			files = (
			);
			runOnlyForDeploymentPostprocessing = 0;
		};
/* End PBXResourcesBuildPhase section */

/* Begin PBXSourcesBuildPhase section */
		CDDF67E61F69A42D00CFC070 /* Sources */ = {
			isa = PBXSourcesBuildPhase;
			buildActionMask = 2147483647;
			files = (
				CDDF680E1F69A59100CFC070 /* viewTwo.swift in Sources */,
				CDDF68101F69DB7700CFC070 /* ViewThree.swift in Sources */,
				CDDF67F01F69A42D00CFC070 /* ViewController.swift in Sources */,
				CDDF67EE1F69A42D00CFC070 /* AppDelegate.swift in Sources */,
			);
			runOnlyForDeploymentPostprocessing = 0;
		};
		CDDF67FA1F69A42D00CFC070 /* Sources */ = {
			isa = PBXSourcesBuildPhase;
			buildActionMask = 2147483647;
			files = (
				CDDF68031F69A42D00CFC070 /* ContactsTests.swift in Sources */,
			);
			runOnlyForDeploymentPostprocessing = 0;
		};
/* End PBXSourcesBuildPhase section */

/* Begin PBXTargetDependency section */
		CDDF68001F69A42D00CFC070 /* PBXTargetDependency */ = {
			isa = PBXTargetDependency;
			target = CDDF67E91F69A42D00CFC070 /* Contacts */;
			targetProxy = CDDF67FF1F69A42D00CFC070 /* PBXContainerItemProxy */;
		};
/* End PBXTargetDependency section */

/* Begin PBXVariantGroup section */
		CDDF67F11F69A42D00CFC070 /* Main.storyboard */ = {
			isa = PBXVariantGroup;
			children = (
				CDDF67F21F69A42D00CFC070 /* Base */,
			);
			name = Main.storyboard;
			sourceTree = "<group>";
		};
		CDDF67F61F69A42D00CFC070 /* LaunchScreen.storyboard */ = {
			isa = PBXVariantGroup;
			children = (
				CDDF67F71F69A42D00CFC070 /* Base */,
			);
			name = LaunchScreen.storyboard;
			sourceTree = "<group>";
		};
/* End PBXVariantGroup section */

/* Begin XCBuildConfiguration section */
		CDDF68051F69A42D00CFC070 /* Debug */ = {
			isa = XCBuildConfiguration;
			buildSettings = {
				ALWAYS_SEARCH_USER_PATHS = NO;
				CLANG_ANALYZER_NONNULL = YES;
				CLANG_ANALYZER_NUMBER_OBJECT_CONVERSION = YES_AGGRESSIVE;
				CLANG_CXX_LANGUAGE_STANDARD = "gnu++0x";
				CLANG_CXX_LIBRARY = "libc++";
				CLANG_ENABLE_MODULES = YES;
				CLANG_ENABLE_OBJC_ARC = YES;
				CLANG_WARN_BOOL_CONVERSION = YES;
				CLANG_WARN_CONSTANT_CONVERSION = YES;
				CLANG_WARN_DIRECT_OBJC_ISA_USAGE = YES_ERROR;
				CLANG_WARN_DOCUMENTATION_COMMENTS = YES;
				CLANG_WARN_EMPTY_BODY = YES;
				CLANG_WARN_ENUM_CONVERSION = YES;
				CLANG_WARN_INFINITE_RECURSION = YES;
				CLANG_WARN_INT_CONVERSION = YES;
				CLANG_WARN_OBJC_ROOT_CLASS = YES_ERROR;
				CLANG_WARN_SUSPICIOUS_MOVE = YES;
				CLANG_WARN_UNREACHABLE_CODE = YES;
				CLANG_WARN__DUPLICATE_METHOD_MATCH = YES;
				"CODE_SIGN_IDENTITY[sdk=iphoneos*]" = "iPhone Developer";
				COPY_PHASE_STRIP = NO;
				DEBUG_INFORMATION_FORMAT = dwarf;
				ENABLE_STRICT_OBJC_MSGSEND = YES;
				ENABLE_TESTABILITY = YES;
				GCC_C_LANGUAGE_STANDARD = gnu99;
				GCC_DYNAMIC_NO_PIC = NO;
				GCC_NO_COMMON_BLOCKS = YES;
				GCC_OPTIMIZATION_LEVEL = 0;
				GCC_PREPROCESSOR_DEFINITIONS = (
					"DEBUG=1",
					"$(inherited)",
				);
				GCC_WARN_64_TO_32_BIT_CONVERSION = YES;
				GCC_WARN_ABOUT_RETURN_TYPE = YES_ERROR;
				GCC_WARN_UNDECLARED_SELECTOR = YES;
				GCC_WARN_UNINITIALIZED_AUTOS = YES_AGGRESSIVE;
				GCC_WARN_UNUSED_FUNCTION = YES;
				GCC_WARN_UNUSED_VARIABLE = YES;
				IPHONEOS_DEPLOYMENT_TARGET = 10.3;
				MTL_ENABLE_DEBUG_INFO = YES;
				ONLY_ACTIVE_ARCH = YES;
				SDKROOT = iphoneos;
				SWIFT_ACTIVE_COMPILATION_CONDITIONS = DEBUG;
				SWIFT_OPTIMIZATION_LEVEL = "-Onone";
			};
			name = Debug;
		};
		CDDF68061F69A42D00CFC070 /* Release */ = {
			isa = XCBuildConfiguration;
			buildSettings = {
				ALWAYS_SEARCH_USER_PATHS = NO;
				CLANG_ANALYZER_NONNULL = YES;
				CLANG_ANALYZER_NUMBER_OBJECT_CONVERSION = YES_AGGRESSIVE;
				CLANG_CXX_LANGUAGE_STANDARD = "gnu++0x";
				CLANG_CXX_LIBRARY = "libc++";
				CLANG_ENABLE_MODULES = YES;
				CLANG_ENABLE_OBJC_ARC = YES;
				CLANG_WARN_BOOL_CONVERSION = YES;
				CLANG_WARN_CONSTANT_CONVERSION = YES;
				CLANG_WARN_DIRECT_OBJC_ISA_USAGE = YES_ERROR;
				CLANG_WARN_DOCUMENTATION_COMMENTS = YES;
				CLANG_WARN_EMPTY_BODY = YES;
				CLANG_WARN_ENUM_CONVERSION = YES;
				CLANG_WARN_INFINITE_RECURSION = YES;
				CLANG_WARN_INT_CONVERSION = YES;
				CLANG_WARN_OBJC_ROOT_CLASS = YES_ERROR;
				CLANG_WARN_SUSPICIOUS_MOVE = YES;
				CLANG_WARN_UNREACHABLE_CODE = YES;
				CLANG_WARN__DUPLICATE_METHOD_MATCH = YES;
				"CODE_SIGN_IDENTITY[sdk=iphoneos*]" = "iPhone Developer";
				COPY_PHASE_STRIP = NO;
				DEBUG_INFORMATION_FORMAT = "dwarf-with-dsym";
				ENABLE_NS_ASSERTIONS = NO;
				ENABLE_STRICT_OBJC_MSGSEND = YES;
				GCC_C_LANGUAGE_STANDARD = gnu99;
				GCC_NO_COMMON_BLOCKS = YES;
				GCC_WARN_64_TO_32_BIT_CONVERSION = YES;
				GCC_WARN_ABOUT_RETURN_TYPE = YES_ERROR;
				GCC_WARN_UNDECLARED_SELECTOR = YES;
				GCC_WARN_UNINITIALIZED_AUTOS = YES_AGGRESSIVE;
				GCC_WARN_UNUSED_FUNCTION = YES;
				GCC_WARN_UNUSED_VARIABLE = YES;
				IPHONEOS_DEPLOYMENT_TARGET = 10.3;
				MTL_ENABLE_DEBUG_INFO = NO;
				SDKROOT = iphoneos;
				SWIFT_OPTIMIZATION_LEVEL = "-Owholemodule";
				VALIDATE_PRODUCT = YES;
			};
			name = Release;
		};
		CDDF68081F69A42D00CFC070 /* Debug */ = {
			isa = XCBuildConfiguration;
			buildSettings = {
				ASSETCATALOG_COMPILER_APPICON_NAME = AppIcon;
				INFOPLIST_FILE = Contacts/Info.plist;
				LD_RUNPATH_SEARCH_PATHS = "$(inherited) @executable_path/Frameworks";
				PRODUCT_BUNDLE_IDENTIFIER = com.example.Contacts;
				PRODUCT_NAME = "$(TARGET_NAME)";
				SWIFT_VERSION = 3.0;
			};
			name = Debug;
		};
		CDDF68091F69A42D00CFC070 /* Release */ = {
			isa = XCBuildConfiguration;
			buildSettings = {
				ASSETCATALOG_COMPILER_APPICON_NAME = AppIcon;
				INFOPLIST_FILE = Contacts/Info.plist;
				LD_RUNPATH_SEARCH_PATHS = "$(inherited) @executable_path/Frameworks";
				PRODUCT_BUNDLE_IDENTIFIER = com.example.Contacts;
				PRODUCT_NAME = "$(TARGET_NAME)";
				SWIFT_VERSION = 3.0;
			};
			name = Release;
		};
		CDDF680B1F69A42D00CFC070 /* Debug */ = {
			isa = XCBuildConfiguration;
			buildSettings = {
				ALWAYS_EMBED_SWIFT_STANDARD_LIBRARIES = YES;
				BUNDLE_LOADER = "$(TEST_HOST)";
				INFOPLIST_FILE = ContactsTests/Info.plist;
				LD_RUNPATH_SEARCH_PATHS = "$(inherited) @executable_path/Frameworks @loader_path/Frameworks";
				PRODUCT_BUNDLE_IDENTIFIER = com.example.ContactsTests;
				PRODUCT_NAME = "$(TARGET_NAME)";
				SWIFT_VERSION = 3.0;
				TEST_HOST = "$(BUILT_PRODUCTS_DIR)/Contacts.app/Contacts";
			};
			name = Debug;
		};
		CDDF680C1F69A42D00CFC070 /* Release */ = {
			isa = XCBuildConfiguration;
			buildSettings = {
				ALWAYS_EMBED_SWIFT_STANDARD_LIBRARIES = YES;
				BUNDLE_LOADER = "$(TEST_HOST)";
				INFOPLIST_FILE = ContactsTests/Info.plist;
				LD_RUNPATH_SEARCH_PATHS = "$(inherited) @executable_path/Frameworks @loader_path/Frameworks";
				PRODUCT_BUNDLE_IDENTIFIER = com.example.ContactsTests;
				PRODUCT_NAME = "$(TARGET_NAME)";
				SWIFT_VERSION = 3.0;
				TEST_HOST = "$(BUILT_PRODUCTS_DIR)/Contacts.app/Contacts";
			};
			name = Release;
		};
/* End XCBuildConfiguration section */

/* Begin XCConfigurationList section */
		CDDF67E51F69A42D00CFC070 /* Build configuration list for PBXProject "Contacts" */ = {
			isa = XCConfigurationList;
			buildConfigurations = (
				CDDF68051F69A42D00CFC070 /* Debug */,
				CDDF68061F69A42D00CFC070 /* Release */,
			);
			defaultConfigurationIsVisible = 0;
			defaultConfigurationName = Release;
		};
		CDDF68071F69A42D00CFC070 /* Build configuration list for PBXNativeTarget "Contacts" */ = {
			isa = XCConfigurationList;
			buildConfigurations = (
				CDDF68081F69A42D00CFC070 /* Debug */,
				CDDF68091F69A42D00CFC070 /* Release */,
			);
			defaultConfigurationIsVisible = 0;
		};
		CDDF680A1F69A42D00CFC070 /* Build configuration list for PBXNativeTarget "ContactsTests" */ = {
			isa = XCConfigurationList;
			buildConfigurations = (
				CDDF680B1F69A42D00CFC070 /* Debug */,
				CDDF680C1F69A42D00CFC070 /* Release */,
			);
			defaultConfigurationIsVisible = 0;
		};
/* End XCConfigurationList section */
	};
	rootObject = CDDF67E21F69A42D00CFC070 /* Project object */;
}
